
Microsoft Visual Studio Solution File, Format Version 12.00
# Visual Studio Version 17
VisualStudioVersion = 17.5.33424.131
MinimumVisualStudioVersion = 10.0.40219.1
Project("{8BC9CEB8-8B4A-11D0-8D11-00A0C91BC942}") = "Structur", "Structur\Structur.vcxproj", "{DF16A4EB-CD78-4B5F-8700-739D0567DD3B}"
EndProject
Project("{8BC9CEB8-8B4A-11D0-8D11-00A0C91BC942}") = "Structure2", "Structure2\Structure2.vcxproj", "{FBF12554-D91D-46EA-AC2E-9A82BD9B9927}"
EndProject
Project("{8BC9CEB8-8B4A-11D0-8D11-00A0C91BC942}") = "Structur3", "Structur3\Structur3.vcxproj", "{B8F7F2A4-D1EF-42FF-825D-0105462E9C61}"
EndProject
Global
	GlobalSection(SolutionConfigurationPlatforms) = preSolution
		Debug|x64 = Debug|x64
		Debug|x86 = Debug|x86
		Release|x64 = Release|x64
		Release|x86 = Release|x86
	EndGlobalSection
	GlobalSection(ProjectConfigurationPlatforms) = postSolution
		{DF16A4EB-CD78-4B5F-8700-739D0567DD3B}.Debug|x64.ActiveCfg = Debug|x64
		{DF16A4EB-CD78-4B5F-8700-739D0567DD3B}.Debug|x64.Build.0 = Debug|x64
		{DF16A4EB-CD78-4B5F-8700-739D0567DD3B}.Debug|x86.ActiveCfg = Debug|Win32
		{DF16A4EB-CD78-4B5F-8700-739D0567DD3B}.Debug|x86.Build.0 = Debug|Win32
		{DF16A4EB-CD78-4B5F-8700-739D0567DD3B}.Release|x64.ActiveCfg = Release|x64
		{DF16A4EB-CD78-4B5F-8700-739D0567DD3B}.Release|x64.Build.0 = Release|x64
		{DF16A4EB-CD78-4B5F-8700-739D0567DD3B}.Release|x86.ActiveCfg = Release|Win32
		{DF16A4EB-CD78-4B5F-8700-739D0567DD3B}.Release|x86.Build.0 = Release|Win32
		{FBF12554-D91D-46EA-AC2E-9A82BD9B9927}.Debug|x64.ActiveCfg = Debug|x64
		{FBF12554-D91D-46EA-AC2E-9A82BD9B9927}.Debug|x64.Build.0 = Debug|x64
		{FBF12554-D91D-46EA-AC2E-9A82BD9B9927}.Debug|x86.ActiveCfg = Debug|Win32
		{FBF12554-D91D-46EA-AC2E-9A82BD9B9927}.Debug|x86.Build.0 = Debug|Win32
		{FBF12554-D91D-46EA-AC2E-9A82BD9B9927}.Release|x64.ActiveCfg = Release|x64
		{FBF12554-D91D-46EA-AC2E-9A82BD9B9927}.Release|x64.Build.0 = Release|x64
		{FBF12554-D91D-46EA-AC2E-9A82BD9B9927}.Release|x86.ActiveCfg = Release|Win32
		{FBF12554-D91D-46EA-AC2E-9A82BD9B9927}.Release|x86.Build.0 = Release|Win32
		{B8F7F2A4-D1EF-42FF-825D-0105462E9C61}.Debug|x64.ActiveCfg = Debug|x64
		{B8F7F2A4-D1EF-42FF-825D-0105462E9C61}.Debug|x64.Build.0 = Debug|x64
		{B8F7F2A4-D1EF-42FF-825D-0105462E9C61}.Debug|x86.ActiveCfg = Debug|Win32
		{B8F7F2A4-D1EF-42FF-825D-0105462E9C61}.Debug|x86.Build.0 = Debug|Win32
		{B8F7F2A4-D1EF-42FF-825D-0105462E9C61}.Release|x64.ActiveCfg = Release|x64
		{B8F7F2A4-D1EF-42FF-825D-0105462E9C61}.Release|x64.Build.0 = Release|x64
		{B8F7F2A4-D1EF-42FF-825D-0105462E9C61}.Release|x86.ActiveCfg = Release|Win32
		{B8F7F2A4-D1EF-42FF-825D-0105462E9C61}.Release|x86.Build.0 = Release|Win32
	EndGlobalSection
	GlobalSection(SolutionProperties) = preSolution
		HideSolutionNode = FALSE
	EndGlobalSection
	GlobalSection(ExtensibilityGlobals) = postSolution
		SolutionGuid = {6D05C63B-9CCF-4BEA-B412-1A87C8F7B01F}
	EndGlobalSection
EndGlobal
